// !$*UTF8*$!
{
	archiveVersion = 1;
	classes = {
	};
	objectVersion = 48;
	objects = {

/* Begin PBXAggregateTarget section */
		3A850C0B1F2CC29B009EE8BE /* RxAggregate */ = {
			isa = PBXAggregateTarget;
			buildConfigurationList = 3A850C0C1F2CC29B009EE8BE /* Build configuration list for PBXAggregateTarget "RxAggregate" */;
			buildPhases = (
				3A850C2C1F2CC416009EE8BE /* ShellScript */,
			);
			dependencies = (
			);
			name = RxAggregate;
			productName = RxAggregate;
		};
/* End PBXAggregateTarget section */

/* Begin PBXFileReference section */
		3A850C061F2CC03D009EE8BE /* Observable.playground */ = {isa = PBXFileReference; lastKnownFileType = file.playground; path = Observable.playground; sourceTree = "<group>"; xcLanguageSpecificationIdentifier = xcode.lang.swift; };
		3AA5365C1F2E18CE0011106E /* Subjects.playground */ = {isa = PBXFileReference; lastKnownFileType = file.playground; path = Subjects.playground; sourceTree = "<group>"; xcLanguageSpecificationIdentifier = xcode.lang.swift; };
		3AA5365F1F2E54320011106E /* Schedulers.playground */ = {isa = PBXFileReference; lastKnownFileType = file.playground; path = Schedulers.playground; sourceTree = "<group>"; xcLanguageSpecificationIdentifier = xcode.lang.swift; };
		3AB293921F364427000C1AA8 /* Filter.playground */ = {isa = PBXFileReference; lastKnownFileType = file.playground; path = Filter.playground; sourceTree = "<group>"; xcLanguageSpecificationIdentifier = xcode.lang.swift; };
		3AB293931F364427000C1AA8 /* Transformation.playground */ = {isa = PBXFileReference; lastKnownFileType = file.playground; path = Transformation.playground; sourceTree = "<group>"; xcLanguageSpecificationIdentifier = xcode.lang.swift; };
		3AB293941F364427000C1AA8 /* Combine.playground */ = {isa = PBXFileReference; lastKnownFileType = file.playground; path = Combine.playground; sourceTree = "<group>"; xcLanguageSpecificationIdentifier = xcode.lang.swift; };
		3AB293951F364473000C1AA8 /* SideEffects.playground */ = {isa = PBXFileReference; lastKnownFileType = file.playground; path = SideEffects.playground; sourceTree = "<group>"; xcLanguageSpecificationIdentifier = xcode.lang.swift; };
		3AB293961F365B05000C1AA8 /* Time-based.playground */ = {isa = PBXFileReference; lastKnownFileType = file.playground; path = "Time-based.playground"; sourceTree = "<group>"; xcLanguageSpecificationIdentifier = xcode.lang.swift; };
		3AB293971F365EC9000C1AA8 /* Cartfile */ = {isa = PBXFileReference; lastKnownFileType = text; path = Cartfile; sourceTree = "<group>"; };
		3AB3F0CE1F3115CA00DB6DB8 /* Schedulers-image.playground */ = {isa = PBXFileReference; lastKnownFileType = file.playground; path = "Schedulers-image.playground"; sourceTree = "<group>"; xcLanguageSpecificationIdentifier = xcode.lang.swift; };
		3AB59FD71F372F6300DF7FF1 /* RxCocoa.playground */ = {isa = PBXFileReference; lastKnownFileType = file.playground; path = RxCocoa.playground; sourceTree = "<group>"; xcLanguageSpecificationIdentifier = xcode.lang.swift; };
/* End PBXFileReference section */

/* Begin PBXGroup section */
		3A850BFF1F2CBE10009EE8BE = {
			isa = PBXGroup;
			children = (
				3AB293971F365EC9000C1AA8 /* Cartfile */,
				3AEB85D11F3643EF00467B9B /* operators */,
				3AB59FD71F372F6300DF7FF1 /* RxCocoa.playground */,
				3AB3F0CE1F3115CA00DB6DB8 /* Schedulers-image.playground */,
				3AA5365F1F2E54320011106E /* Schedulers.playground */,
				3AA5365C1F2E18CE0011106E /* Subjects.playground */,
				3A850C061F2CC03D009EE8BE /* Observable.playground */,
			);
			sourceTree = "<group>";
		};
		3AEB85D11F3643EF00467B9B /* operators */ = {
			isa = PBXGroup;
			children = (
				3AB293961F365B05000C1AA8 /* Time-based.playground */,
				3AB293941F364427000C1AA8 /* Combine.playground */,
				3AB293921F364427000C1AA8 /* Filter.playground */,
				3AB293951F364473000C1AA8 /* SideEffects.playground */,
				3AB293931F364427000C1AA8 /* Transformation.playground */,
			);
			path = operators;
			sourceTree = "<group>";
		};
/* End PBXGroup section */

/* Begin PBXProject section */
		3A850C001F2CBE10009EE8BE /* Project object */ = {
			isa = PBXProject;
			attributes = {
				LastUpgradeCheck = 0900;
				TargetAttributes = {
					3A850C0B1F2CC29B009EE8BE = {
						CreatedOnToolsVersion = 9.0;
					};
				};
			};
			buildConfigurationList = 3A850C031F2CBE10009EE8BE /* Build configuration list for PBXProject "RxPlayground" */;
			compatibilityVersion = "Xcode 8.0";
			developmentRegion = en;
			hasScannedForEncodings = 0;
			knownRegions = (
				en,
			);
			mainGroup = 3A850BFF1F2CBE10009EE8BE;
			projectDirPath = "";
			projectRoot = "";
			targets = (
				3A850C0B1F2CC29B009EE8BE /* RxAggregate */,
			);
		};
/* End PBXProject section */

/* Begin PBXShellScriptBuildPhase section */
		3A850C2C1F2CC416009EE8BE /* ShellScript */ = {
			isa = PBXShellScriptBuildPhase;
			buildActionMask = 2147483647;
			files = (
			);
			inputPaths = (
			);
			outputPaths = (
			);
			runOnlyForDeploymentPostprocessing = 0;
			shellPath = /bin/sh;
			shellScript = "cp -rv \"${SRCROOT}/Carthage/Build/iOS/\" \"${BUILT_PRODUCTS_DIR}/${FRAMEWORKS_FOLDER_PATH}\"\n";
		};
/* End PBXShellScriptBuildPhase section */

/* Begin XCBuildConfiguration section */
		3A850C041F2CBE10009EE8BE /* Debug */ = {
			isa = XCBuildConfiguration;
			buildSettings = {
			};
			name = Debug;
		};
		3A850C051F2CBE10009EE8BE /* Release */ = {
			isa = XCBuildConfiguration;
			buildSettings = {
			};
			name = Release;
		};
		3A850C0D1F2CC29B009EE8BE /* Debug */ = {
			isa = XCBuildConfiguration;
			buildSettings = {
				DEVELOPMENT_TEAM = PPSF6CNP8Q;
				PRODUCT_NAME = "$(TARGET_NAME)";
			};
			name = Debug;
		};
		3A850C0E1F2CC29B009EE8BE /* Release */ = {
			isa = XCBuildConfiguration;
			buildSettings = {
				DEVELOPMENT_TEAM = PPSF6CNP8Q;
				PRODUCT_NAME = "$(TARGET_NAME)";
			};
			name = Release;
		};
/* End XCBuildConfiguration section */

/* Begin XCConfigurationList section */
		3A850C031F2CBE10009EE8BE /* Build configuration list for PBXProject "RxPlayground" */ = {
			isa = XCConfigurationList;
			buildConfigurations = (
				3A850C041F2CBE10009EE8BE /* Debug */,
				3A850C051F2CBE10009EE8BE /* Release */,
			);
			defaultConfigurationIsVisible = 0;
			defaultConfigurationName = Release;
		};
		3A850C0C1F2CC29B009EE8BE /* Build configuration list for PBXAggregateTarget "RxAggregate" */ = {
			isa = XCConfigurationList;
			buildConfigurations = (
				3A850C0D1F2CC29B009EE8BE /* Debug */,
				3A850C0E1F2CC29B009EE8BE /* Release */,
			);
			defaultConfigurationIsVisible = 0;
			defaultConfigurationName = Release;
		};
/* End XCConfigurationList section */
	};
	rootObject = 3A850C001F2CBE10009EE8BE /* Project object */;
}
